
Microsoft Visual Studio Solution File, Format Version 12.00
# Visual Studio 2013
VisualStudioVersion = 12.0.31101.0
MinimumVisualStudioVersion = 10.0.40219.1
Project("{F184B08F-C81C-45F6-A57F-5ABD9991F28F}") = "Team 4 (Student Management)", "Team 4 (Student Management)\Team 4 (Student Management).vbproj", "{CCC9D593-4A95-4220-A3AE-2EC7E83D2663}"
EndProject
Global
	GlobalSection(SolutionConfigurationPlatforms) = preSolution
		Debug|Any CPU = Debug|Any CPU
		Release|Any CPU = Release|Any CPU
	EndGlobalSection
	GlobalSection(ProjectConfigurationPlatforms) = postSolution
		{CCC9D593-4A95-4220-A3AE-2EC7E83D2663}.Debug|Any CPU.ActiveCfg = Debug|Any CPU
		{CCC9D593-4A95-4220-A3AE-2EC7E83D2663}.Debug|Any CPU.Build.0 = Debug|Any CPU
		{CCC9D593-4A95-4220-A3AE-2EC7E83D2663}.Release|Any CPU.ActiveCfg = Release|Any CPU
		{CCC9D593-4A95-4220-A3AE-2EC7E83D2663}.Release|Any CPU.Build.0 = Release|Any CPU
	EndGlobalSection
	GlobalSection(SolutionProperties) = preSolution
		HideSolutionNode = FALSE
	EndGlobalSection
EndGlobal
